
Microsoft Visual Studio Solution File, Format Version 12.00
# Visual Studio Version 17
VisualStudioVersion = 17.6.33829.357
MinimumVisualStudioVersion = 10.0.40219.1
Project("{FAE04EC0-301F-11D3-BF4B-00C04F79EFBC}") = "Calculadora", "Calculadora\Calculadora.csproj", "{30D25AC6-C485-4993-B372-3E6862722E3C}"
EndProject
Global
	GlobalSection(SolutionConfigurationPlatforms) = preSolution
		Debug|Any CPU = Debug|Any CPU
		Release|Any CPU = Release|Any CPU
	EndGlobalSection
	GlobalSection(ProjectConfigurationPlatforms) = postSolution
		{30D25AC6-C485-4993-B372-3E6862722E3C}.Debug|Any CPU.ActiveCfg = Debug|Any CPU
		{30D25AC6-C485-4993-B372-3E6862722E3C}.Debug|Any CPU.Build.0 = Debug|Any CPU
		{30D25AC6-C485-4993-B372-3E6862722E3C}.Release|Any CPU.ActiveCfg = Release|Any CPU
		{30D25AC6-C485-4993-B372-3E6862722E3C}.Release|Any CPU.Build.0 = Release|Any CPU
	EndGlobalSection
	GlobalSection(SolutionProperties) = preSolution
		HideSolutionNode = FALSE
	EndGlobalSection
	GlobalSection(ExtensibilityGlobals) = postSolution
		SolutionGuid = {0F75D220-5B07-45B0-962A-19312297CB1D}
	EndGlobalSection
EndGlobal
